// !$*UTF8*$!
{
	archiveVersion = 1;
	classes = {
	};
	objectVersion = 55;
	objects = {

/* Begin PBXBuildFile section */
		3A157CF629CAEE2C00D61AD3 /* LoginButton.swift in Sources */ = {isa = PBXBuildFile; fileRef = 3A157CF529CAEE2C00D61AD3 /* LoginButton.swift */; };
		3A157CF929CAFFA300D61AD3 /* Home.storyboard in Resources */ = {isa = PBXBuildFile; fileRef = 3A157CF829CAFFA300D61AD3 /* Home.storyboard */; };
		3A157CFD29CAFFD500D61AD3 /* HomeViewController.swift in Sources */ = {isa = PBXBuildFile; fileRef = 3A157CFC29CAFFD500D61AD3 /* HomeViewController.swift */; };
		3A26202629D05B770061F9D8 /* SignUpViewController.swift in Sources */ = {isa = PBXBuildFile; fileRef = 3A26202529D05B770061F9D8 /* SignUpViewController.swift */; };
		3A2742D129D5F8B9005E4C5F /* Date+.swift in Sources */ = {isa = PBXBuildFile; fileRef = 3A2742D029D5F8B9005E4C5F /* Date+.swift */; };
		3A2742D329D6B37E005E4C5F /* TeritaryBothButton.swift in Sources */ = {isa = PBXBuildFile; fileRef = 3A2742D229D6B37E005E4C5F /* TeritaryBothButton.swift */; };
		3A2A503229B8806E002FE5E4 /* UIView+.swift in Sources */ = {isa = PBXBuildFile; fileRef = 3A2A503129B8806E002FE5E4 /* UIView+.swift */; };
		3A338B0429E67C5000786D08 /* LoginRepository.swift in Sources */ = {isa = PBXBuildFile; fileRef = 3A338B0329E67C5000786D08 /* LoginRepository.swift */; };
		3A33C45729D96CA1002BBA85 /* DropDownButton.swift in Sources */ = {isa = PBXBuildFile; fileRef = 3A33C45629D96CA1002BBA85 /* DropDownButton.swift */; };
		3A409B3629DEF51200A05B22 /* KeyChain+.swift in Sources */ = {isa = PBXBuildFile; fileRef = 3A409B3529DEF51200A05B22 /* KeyChain+.swift */; };
		3A409B3829E0142500A05B22 /* MoyaProvider+.swift in Sources */ = {isa = PBXBuildFile; fileRef = 3A409B3729E0142500A05B22 /* MoyaProvider+.swift */; };
		3A409B3A29E046C400A05B22 /* LoginViewModel.swift in Sources */ = {isa = PBXBuildFile; fileRef = 3A409B3929E046C400A05B22 /* LoginViewModel.swift */; };
		3A409B4029E05F4700A05B22 /* Array+.swift in Sources */ = {isa = PBXBuildFile; fileRef = 3A409B3F29E05F4700A05B22 /* Array+.swift */; };
		3A409B4229E148C700A05B22 /* SignUpDTO.swift in Sources */ = {isa = PBXBuildFile; fileRef = 3A409B4129E148C700A05B22 /* SignUpDTO.swift */; };
		3A409B4529E1A5FD00A05B22 /* SignUpData.swift in Sources */ = {isa = PBXBuildFile; fileRef = 3A409B4429E1A5FD00A05B22 /* SignUpData.swift */; };
		3A5076E129C82D4A00C7A5E9 /* NetworkLoggerPlugin.swift in Sources */ = {isa = PBXBuildFile; fileRef = 3A5076E029C82D4A00C7A5E9 /* NetworkLoggerPlugin.swift */; };
		3A5076E329C82D7B00C7A5E9 /* Networkable+.swift in Sources */ = {isa = PBXBuildFile; fileRef = 3A5076E229C82D7B00C7A5E9 /* Networkable+.swift */; };
		3A5076E729C82DB400C7A5E9 /* ResponseData.swift in Sources */ = {isa = PBXBuildFile; fileRef = 3A5076E629C82DB400C7A5E9 /* ResponseData.swift */; };
		3A5076E929C82DFE00C7A5E9 /* TargetType+.swift in Sources */ = {isa = PBXBuildFile; fileRef = 3A5076E829C82DFE00C7A5E9 /* TargetType+.swift */; };
		3A5076EB29C82E2F00C7A5E9 /* Encodable+.swift in Sources */ = {isa = PBXBuildFile; fileRef = 3A5076EA29C82E2F00C7A5E9 /* Encodable+.swift */; };
		3A5076F329C8335900C7A5E9 /* OauthDTO.swift in Sources */ = {isa = PBXBuildFile; fileRef = 3A5076F229C8335900C7A5E9 /* OauthDTO.swift */; };
		3A5076F529C8352200C7A5E9 /* SignDataSource.swift in Sources */ = {isa = PBXBuildFile; fileRef = 3A5076F429C8352200C7A5E9 /* SignDataSource.swift */; };
		3A50EEF529CCA63900A27504 /* SignUp.storyboard in Resources */ = {isa = PBXBuildFile; fileRef = 3A50EEF429CCA63900A27504 /* SignUp.storyboard */; };
		3A50EEFB29CCB28A00A27504 /* GetNameViewController.swift in Sources */ = {isa = PBXBuildFile; fileRef = 3A50EEFA29CCB28A00A27504 /* GetNameViewController.swift */; };
		3A50EEFD29CCB29300A27504 /* GetBirthdayViewController.swift in Sources */ = {isa = PBXBuildFile; fileRef = 3A50EEFC29CCB29300A27504 /* GetBirthdayViewController.swift */; };
		3A50EEFF29CCB2C400A27504 /* GetGenderViewController.swift in Sources */ = {isa = PBXBuildFile; fileRef = 3A50EEFE29CCB2C400A27504 /* GetGenderViewController.swift */; };
		3A50EF0129CCB2D600A27504 /* AgreementViewController.swift in Sources */ = {isa = PBXBuildFile; fileRef = 3A50EF0029CCB2D600A27504 /* AgreementViewController.swift */; };
		3A713F9B29F2D1900024C2C9 /* ErrorToast.swift in Sources */ = {isa = PBXBuildFile; fileRef = 3A713F9A29F2D1900024C2C9 /* ErrorToast.swift */; };
		3A7570C129F1589E00D24116 /* AllowNotificationViewController.swift in Sources */ = {isa = PBXBuildFile; fileRef = 3A7570C029F1589E00D24116 /* AllowNotificationViewController.swift */; };
		3A7570C329F16F4900D24116 /* SecondayIconButton.swift in Sources */ = {isa = PBXBuildFile; fileRef = 3A7570C229F16F4900D24116 /* SecondayIconButton.swift */; };
		3A76549829D9613F00B1C10E /* Structs.swift in Sources */ = {isa = PBXBuildFile; fileRef = 3A76549729D9613F00B1C10E /* Structs.swift */; };
		3A775CFC29C1AE8100FCD3BC /* NanumSquareRoundOTFR.otf in Resources */ = {isa = PBXBuildFile; fileRef = 3A775CF829C1AE8100FCD3BC /* NanumSquareRoundOTFR.otf */; };
		3A775CFD29C1AE8100FCD3BC /* NanumSquareRoundOTFEB.otf in Resources */ = {isa = PBXBuildFile; fileRef = 3A775CF929C1AE8100FCD3BC /* NanumSquareRoundOTFEB.otf */; };
		3A775CFE29C1AE8100FCD3BC /* NanumSquareRoundOTFL.otf in Resources */ = {isa = PBXBuildFile; fileRef = 3A775CFA29C1AE8100FCD3BC /* NanumSquareRoundOTFL.otf */; };
		3A775CFF29C1AE8100FCD3BC /* NanumSquareRoundOTFB.otf in Resources */ = {isa = PBXBuildFile; fileRef = 3A775CFB29C1AE8100FCD3BC /* NanumSquareRoundOTFB.otf */; };
		3A775D0829C1DBBA00FCD3BC /* designable.swift in Sources */ = {isa = PBXBuildFile; fileRef = 3A775D0729C1DBBA00FCD3BC /* designable.swift */; };
		3A775D0B29C2E9BC00FCD3BC /* KeyList.plist in Resources */ = {isa = PBXBuildFile; fileRef = 3A775D0A29C2E9BC00FCD3BC /* KeyList.plist */; };
		3A775D0D29C2EA5400FCD3BC /* Bundle+.swift in Sources */ = {isa = PBXBuildFile; fileRef = 3A775D0C29C2EA5400FCD3BC /* Bundle+.swift */; };
		3A943A7A29DC0D8600DAF010 /* TeritaryVerticalBothButtonCell.swift in Sources */ = {isa = PBXBuildFile; fileRef = 3A943A7929DC0D8600DAF010 /* TeritaryVerticalBothButtonCell.swift */; };
		3AA1677129E8295C00B93850 /* CheckNicknameDTO.swift in Sources */ = {isa = PBXBuildFile; fileRef = 3AA1677029E8295C00B93850 /* CheckNicknameDTO.swift */; };
		3AA1677529E8309100B93850 /* PageViewModel.swift in Sources */ = {isa = PBXBuildFile; fileRef = 3AA1677429E8309100B93850 /* PageViewModel.swift */; };
		3AA1677729E830BA00B93850 /* PageRepository.swift in Sources */ = {isa = PBXBuildFile; fileRef = 3AA1677629E830BA00B93850 /* PageRepository.swift */; };
		3AA289CB29B8506F0030057E /* AppDelegate.swift in Sources */ = {isa = PBXBuildFile; fileRef = 3AA289CA29B8506F0030057E /* AppDelegate.swift */; };
		3AA289CD29B8506F0030057E /* SceneDelegate.swift in Sources */ = {isa = PBXBuildFile; fileRef = 3AA289CC29B8506F0030057E /* SceneDelegate.swift */; };
		3AA289CF29B8506F0030057E /* LoginViewController.swift in Sources */ = {isa = PBXBuildFile; fileRef = 3AA289CE29B8506F0030057E /* LoginViewController.swift */; };
		3AA289D429B8506F0030057E /* Assets.xcassets in Resources */ = {isa = PBXBuildFile; fileRef = 3AA289D329B8506F0030057E /* Assets.xcassets */; };
		3AA289D729B8506F0030057E /* LaunchScreen.storyboard in Resources */ = {isa = PBXBuildFile; fileRef = 3AA289D529B8506F0030057E /* LaunchScreen.storyboard */; };
		3AA289E029B851DD0030057E /* .swiftlint.yml in Resources */ = {isa = PBXBuildFile; fileRef = 3AA289DF29B851DD0030057E /* .swiftlint.yml */; };
		3AA289E229B854210030057E /* Login.storyboard in Resources */ = {isa = PBXBuildFile; fileRef = 3AA289E129B854210030057E /* Login.storyboard */; };
		3AC9D53829D58D8E006A2566 /* DropDownTableViewCell.swift in Sources */ = {isa = PBXBuildFile; fileRef = 3AC9D53729D58D8E006A2566 /* DropDownTableViewCell.swift */; };
		3ACC45E729D17009000843F5 /* SignUpPageViewController.swift in Sources */ = {isa = PBXBuildFile; fileRef = 3ACC45E629D17009000843F5 /* SignUpPageViewController.swift */; };
		3ACC45E929D198CA000843F5 /* GetPurposeController.swift in Sources */ = {isa = PBXBuildFile; fileRef = 3ACC45E829D198CA000843F5 /* GetPurposeController.swift */; };
		3ACC45EB29D198D9000843F5 /* GetJobViewController.swift in Sources */ = {isa = PBXBuildFile; fileRef = 3ACC45EA29D198D9000843F5 /* GetJobViewController.swift */; };
		3ACC45ED29D19A07000843F5 /* JobTableViewCell.swift in Sources */ = {isa = PBXBuildFile; fileRef = 3ACC45EC29D19A07000843F5 /* JobTableViewCell.swift */; };
		3ACC45F129D1C5AF000843F5 /* PrimaryButton.swift in Sources */ = {isa = PBXBuildFile; fileRef = 3ACC45F029D1C5AF000843F5 /* PrimaryButton.swift */; };
		3ACC45F329D1C785000843F5 /* GetMBTIViewController.swift in Sources */ = {isa = PBXBuildFile; fileRef = 3ACC45F229D1C785000843F5 /* GetMBTIViewController.swift */; };
		3ACC45F629D1EFA4000843F5 /* UIString+.swift in Sources */ = {isa = PBXBuildFile; fileRef = 3ACC45F529D1EFA4000843F5 /* UIString+.swift */; };
		3ACC45F829D2090E000843F5 /* UITextField+.swift in Sources */ = {isa = PBXBuildFile; fileRef = 3ACC45F729D2090E000843F5 /* UITextField+.swift */; };
		3ACCBAB429E94F8A0082C32C /* UIViewController+.swift in Sources */ = {isa = PBXBuildFile; fileRef = 3ACCBAB329E94F8A0082C32C /* UIViewController+.swift */; };
		3ACCBAB529E956050082C32C /* badWords.txt in Resources */ = {isa = PBXBuildFile; fileRef = 3AA1677329E82D8500B93850 /* badWords.txt */; };
		3AEED26329C99F1500D02F3F /* HeadlineLabel.swift in Sources */ = {isa = PBXBuildFile; fileRef = 3AEED26229C99F1500D02F3F /* HeadlineLabel.swift */; };
		3AEED26529C99F7D00D02F3F /* BodyLabel.swift in Sources */ = {isa = PBXBuildFile; fileRef = 3AEED26429C99F7D00D02F3F /* BodyLabel.swift */; };
		3AEED26729C99F8800D02F3F /* CaptionLabel.swift in Sources */ = {isa = PBXBuildFile; fileRef = 3AEED26629C99F8800D02F3F /* CaptionLabel.swift */; };
		3AFF8B7E29D47AA5005A7A6B /* TeritaryVerticalBothButton.swift in Sources */ = {isa = PBXBuildFile; fileRef = 3AFF8B7D29D47AA5005A7A6B /* TeritaryVerticalBothButton.swift */; };
		878B59203EB71108991242CC /* Pods_tellingMe.framework in Frameworks */ = {isa = PBXBuildFile; fileRef = 66ED16CF904CB2601BAF24C5 /* Pods_tellingMe.framework */; };
/* End PBXBuildFile section */

/* Begin PBXFileReference section */
		3A157CF529CAEE2C00D61AD3 /* LoginButton.swift */ = {isa = PBXFileReference; lastKnownFileType = sourcecode.swift; path = LoginButton.swift; sourceTree = "<group>"; };
		3A157CF829CAFFA300D61AD3 /* Home.storyboard */ = {isa = PBXFileReference; lastKnownFileType = file.storyboard; path = Home.storyboard; sourceTree = "<group>"; };
		3A157CFC29CAFFD500D61AD3 /* HomeViewController.swift */ = {isa = PBXFileReference; lastKnownFileType = sourcecode.swift; path = HomeViewController.swift; sourceTree = "<group>"; };
		3A26202529D05B770061F9D8 /* SignUpViewController.swift */ = {isa = PBXFileReference; lastKnownFileType = sourcecode.swift; path = SignUpViewController.swift; sourceTree = "<group>"; };
		3A2742D029D5F8B9005E4C5F /* Date+.swift */ = {isa = PBXFileReference; lastKnownFileType = sourcecode.swift; path = "Date+.swift"; sourceTree = "<group>"; };
		3A2742D229D6B37E005E4C5F /* TeritaryBothButton.swift */ = {isa = PBXFileReference; lastKnownFileType = sourcecode.swift; path = TeritaryBothButton.swift; sourceTree = "<group>"; };
		3A2A503129B8806E002FE5E4 /* UIView+.swift */ = {isa = PBXFileReference; lastKnownFileType = sourcecode.swift; path = "UIView+.swift"; sourceTree = "<group>"; };
		3A338B0329E67C5000786D08 /* LoginRepository.swift */ = {isa = PBXFileReference; lastKnownFileType = sourcecode.swift; path = LoginRepository.swift; sourceTree = "<group>"; };
		3A33C45629D96CA1002BBA85 /* DropDownButton.swift */ = {isa = PBXFileReference; lastKnownFileType = sourcecode.swift; path = DropDownButton.swift; sourceTree = "<group>"; };
		3A409B3529DEF51200A05B22 /* KeyChain+.swift */ = {isa = PBXFileReference; lastKnownFileType = sourcecode.swift; path = "KeyChain+.swift"; sourceTree = "<group>"; };
		3A409B3729E0142500A05B22 /* MoyaProvider+.swift */ = {isa = PBXFileReference; lastKnownFileType = sourcecode.swift; path = "MoyaProvider+.swift"; sourceTree = "<group>"; };
		3A409B3929E046C400A05B22 /* LoginViewModel.swift */ = {isa = PBXFileReference; lastKnownFileType = sourcecode.swift; path = LoginViewModel.swift; sourceTree = "<group>"; };
		3A409B3F29E05F4700A05B22 /* Array+.swift */ = {isa = PBXFileReference; lastKnownFileType = sourcecode.swift; path = "Array+.swift"; sourceTree = "<group>"; };
		3A409B4129E148C700A05B22 /* SignUpDTO.swift */ = {isa = PBXFileReference; lastKnownFileType = sourcecode.swift; path = SignUpDTO.swift; sourceTree = "<group>"; };
		3A409B4429E1A5FD00A05B22 /* SignUpData.swift */ = {isa = PBXFileReference; lastKnownFileType = sourcecode.swift; path = SignUpData.swift; sourceTree = "<group>"; };
		3A5076E029C82D4A00C7A5E9 /* NetworkLoggerPlugin.swift */ = {isa = PBXFileReference; lastKnownFileType = sourcecode.swift; path = NetworkLoggerPlugin.swift; sourceTree = "<group>"; };
		3A5076E229C82D7B00C7A5E9 /* Networkable+.swift */ = {isa = PBXFileReference; lastKnownFileType = sourcecode.swift; path = "Networkable+.swift"; sourceTree = "<group>"; };
		3A5076E629C82DB400C7A5E9 /* ResponseData.swift */ = {isa = PBXFileReference; lastKnownFileType = sourcecode.swift; path = ResponseData.swift; sourceTree = "<group>"; };
		3A5076E829C82DFE00C7A5E9 /* TargetType+.swift */ = {isa = PBXFileReference; lastKnownFileType = sourcecode.swift; path = "TargetType+.swift"; sourceTree = "<group>"; };
		3A5076EA29C82E2F00C7A5E9 /* Encodable+.swift */ = {isa = PBXFileReference; lastKnownFileType = sourcecode.swift; path = "Encodable+.swift"; sourceTree = "<group>"; };
		3A5076F229C8335900C7A5E9 /* OauthDTO.swift */ = {isa = PBXFileReference; lastKnownFileType = sourcecode.swift; path = OauthDTO.swift; sourceTree = "<group>"; };
		3A5076F429C8352200C7A5E9 /* SignDataSource.swift */ = {isa = PBXFileReference; lastKnownFileType = sourcecode.swift; path = SignDataSource.swift; sourceTree = "<group>"; };
		3A50EEF429CCA63900A27504 /* SignUp.storyboard */ = {isa = PBXFileReference; lastKnownFileType = file.storyboard; path = SignUp.storyboard; sourceTree = "<group>"; };
		3A50EEFA29CCB28A00A27504 /* GetNameViewController.swift */ = {isa = PBXFileReference; lastKnownFileType = sourcecode.swift; path = GetNameViewController.swift; sourceTree = "<group>"; };
		3A50EEFC29CCB29300A27504 /* GetBirthdayViewController.swift */ = {isa = PBXFileReference; lastKnownFileType = sourcecode.swift; path = GetBirthdayViewController.swift; sourceTree = "<group>"; };
		3A50EEFE29CCB2C400A27504 /* GetGenderViewController.swift */ = {isa = PBXFileReference; lastKnownFileType = sourcecode.swift; path = GetGenderViewController.swift; sourceTree = "<group>"; };
		3A50EF0029CCB2D600A27504 /* AgreementViewController.swift */ = {isa = PBXFileReference; lastKnownFileType = sourcecode.swift; path = AgreementViewController.swift; sourceTree = "<group>"; };
		3A713F9A29F2D1900024C2C9 /* ErrorToast.swift */ = {isa = PBXFileReference; lastKnownFileType = sourcecode.swift; path = ErrorToast.swift; sourceTree = "<group>"; };
		3A7570C029F1589E00D24116 /* AllowNotificationViewController.swift */ = {isa = PBXFileReference; lastKnownFileType = sourcecode.swift; path = AllowNotificationViewController.swift; sourceTree = "<group>"; };
		3A7570C229F16F4900D24116 /* SecondayIconButton.swift */ = {isa = PBXFileReference; lastKnownFileType = sourcecode.swift; path = SecondayIconButton.swift; sourceTree = "<group>"; };
		3A76549729D9613F00B1C10E /* Structs.swift */ = {isa = PBXFileReference; lastKnownFileType = sourcecode.swift; path = Structs.swift; sourceTree = "<group>"; };
		3A775CF829C1AE8100FCD3BC /* NanumSquareRoundOTFR.otf */ = {isa = PBXFileReference; lastKnownFileType = file; path = NanumSquareRoundOTFR.otf; sourceTree = "<group>"; };
		3A775CF929C1AE8100FCD3BC /* NanumSquareRoundOTFEB.otf */ = {isa = PBXFileReference; lastKnownFileType = file; path = NanumSquareRoundOTFEB.otf; sourceTree = "<group>"; };
		3A775CFA29C1AE8100FCD3BC /* NanumSquareRoundOTFL.otf */ = {isa = PBXFileReference; lastKnownFileType = file; path = NanumSquareRoundOTFL.otf; sourceTree = "<group>"; };
		3A775CFB29C1AE8100FCD3BC /* NanumSquareRoundOTFB.otf */ = {isa = PBXFileReference; lastKnownFileType = file; path = NanumSquareRoundOTFB.otf; sourceTree = "<group>"; };
		3A775D0329C1C3B500FCD3BC /* tellingMe.entitlements */ = {isa = PBXFileReference; lastKnownFileType = text.plist.entitlements; path = tellingMe.entitlements; sourceTree = "<group>"; };
		3A775D0729C1DBBA00FCD3BC /* designable.swift */ = {isa = PBXFileReference; lastKnownFileType = sourcecode.swift; path = designable.swift; sourceTree = "<group>"; };
		3A775D0A29C2E9BC00FCD3BC /* KeyList.plist */ = {isa = PBXFileReference; lastKnownFileType = text.plist.xml; path = KeyList.plist; sourceTree = "<group>"; };
		3A775D0C29C2EA5400FCD3BC /* Bundle+.swift */ = {isa = PBXFileReference; lastKnownFileType = sourcecode.swift; path = "Bundle+.swift"; sourceTree = "<group>"; };
		3A943A7929DC0D8600DAF010 /* TeritaryVerticalBothButtonCell.swift */ = {isa = PBXFileReference; lastKnownFileType = sourcecode.swift; path = TeritaryVerticalBothButtonCell.swift; sourceTree = "<group>"; };
		3AA1677029E8295C00B93850 /* CheckNicknameDTO.swift */ = {isa = PBXFileReference; lastKnownFileType = sourcecode.swift; path = CheckNicknameDTO.swift; sourceTree = "<group>"; };
		3AA1677329E82D8500B93850 /* badWords.txt */ = {isa = PBXFileReference; lastKnownFileType = text; path = badWords.txt; sourceTree = "<group>"; };
		3AA1677429E8309100B93850 /* PageViewModel.swift */ = {isa = PBXFileReference; lastKnownFileType = sourcecode.swift; path = PageViewModel.swift; sourceTree = "<group>"; };
		3AA1677629E830BA00B93850 /* PageRepository.swift */ = {isa = PBXFileReference; lastKnownFileType = sourcecode.swift; path = PageRepository.swift; sourceTree = "<group>"; };
		3AA289C729B8506F0030057E /* tellingMe.app */ = {isa = PBXFileReference; explicitFileType = wrapper.application; includeInIndex = 0; path = tellingMe.app; sourceTree = BUILT_PRODUCTS_DIR; };
		3AA289CA29B8506F0030057E /* AppDelegate.swift */ = {isa = PBXFileReference; lastKnownFileType = sourcecode.swift; path = AppDelegate.swift; sourceTree = "<group>"; };
		3AA289CC29B8506F0030057E /* SceneDelegate.swift */ = {isa = PBXFileReference; lastKnownFileType = sourcecode.swift; path = SceneDelegate.swift; sourceTree = "<group>"; };
		3AA289CE29B8506F0030057E /* LoginViewController.swift */ = {isa = PBXFileReference; lastKnownFileType = sourcecode.swift; path = LoginViewController.swift; sourceTree = "<group>"; };
		3AA289D329B8506F0030057E /* Assets.xcassets */ = {isa = PBXFileReference; lastKnownFileType = folder.assetcatalog; path = Assets.xcassets; sourceTree = "<group>"; };
		3AA289D629B8506F0030057E /* Base */ = {isa = PBXFileReference; lastKnownFileType = file.storyboard; name = Base; path = Base.lproj/LaunchScreen.storyboard; sourceTree = "<group>"; };
		3AA289D829B8506F0030057E /* Info.plist */ = {isa = PBXFileReference; lastKnownFileType = text.plist.xml; path = Info.plist; sourceTree = "<group>"; };
		3AA289DF29B851DD0030057E /* .swiftlint.yml */ = {isa = PBXFileReference; lastKnownFileType = text.yaml; path = .swiftlint.yml; sourceTree = "<group>"; };
		3AA289E129B854210030057E /* Login.storyboard */ = {isa = PBXFileReference; lastKnownFileType = file.storyboard; path = Login.storyboard; sourceTree = "<group>"; };
		3AC9D53729D58D8E006A2566 /* DropDownTableViewCell.swift */ = {isa = PBXFileReference; lastKnownFileType = sourcecode.swift; path = DropDownTableViewCell.swift; sourceTree = "<group>"; };
		3ACC45E629D17009000843F5 /* SignUpPageViewController.swift */ = {isa = PBXFileReference; lastKnownFileType = sourcecode.swift; path = SignUpPageViewController.swift; sourceTree = "<group>"; };
		3ACC45E829D198CA000843F5 /* GetPurposeController.swift */ = {isa = PBXFileReference; lastKnownFileType = sourcecode.swift; path = GetPurposeController.swift; sourceTree = "<group>"; };
		3ACC45EA29D198D9000843F5 /* GetJobViewController.swift */ = {isa = PBXFileReference; lastKnownFileType = sourcecode.swift; path = GetJobViewController.swift; sourceTree = "<group>"; };
		3ACC45EC29D19A07000843F5 /* JobTableViewCell.swift */ = {isa = PBXFileReference; lastKnownFileType = sourcecode.swift; path = JobTableViewCell.swift; sourceTree = "<group>"; };
		3ACC45F029D1C5AF000843F5 /* PrimaryButton.swift */ = {isa = PBXFileReference; lastKnownFileType = sourcecode.swift; path = PrimaryButton.swift; sourceTree = "<group>"; };
		3ACC45F229D1C785000843F5 /* GetMBTIViewController.swift */ = {isa = PBXFileReference; lastKnownFileType = sourcecode.swift; path = GetMBTIViewController.swift; sourceTree = "<group>"; };
		3ACC45F529D1EFA4000843F5 /* UIString+.swift */ = {isa = PBXFileReference; lastKnownFileType = sourcecode.swift; path = "UIString+.swift"; sourceTree = "<group>"; };
		3ACC45F729D2090E000843F5 /* UITextField+.swift */ = {isa = PBXFileReference; lastKnownFileType = sourcecode.swift; path = "UITextField+.swift"; sourceTree = "<group>"; };
		3ACCBAB329E94F8A0082C32C /* UIViewController+.swift */ = {isa = PBXFileReference; lastKnownFileType = sourcecode.swift; path = "UIViewController+.swift"; sourceTree = "<group>"; };
		3AEED26229C99F1500D02F3F /* HeadlineLabel.swift */ = {isa = PBXFileReference; lastKnownFileType = sourcecode.swift; path = HeadlineLabel.swift; sourceTree = "<group>"; };
		3AEED26429C99F7D00D02F3F /* BodyLabel.swift */ = {isa = PBXFileReference; lastKnownFileType = sourcecode.swift; path = BodyLabel.swift; sourceTree = "<group>"; };
		3AEED26629C99F8800D02F3F /* CaptionLabel.swift */ = {isa = PBXFileReference; lastKnownFileType = sourcecode.swift; path = CaptionLabel.swift; sourceTree = "<group>"; };
		3AFF8B7D29D47AA5005A7A6B /* TeritaryVerticalBothButton.swift */ = {isa = PBXFileReference; lastKnownFileType = sourcecode.swift; path = TeritaryVerticalBothButton.swift; sourceTree = "<group>"; };
		49060B55F5B6FD79F0C1DA8B /* Pods-tellingMe.release.xcconfig */ = {isa = PBXFileReference; includeInIndex = 1; lastKnownFileType = text.xcconfig; name = "Pods-tellingMe.release.xcconfig"; path = "Target Support Files/Pods-tellingMe/Pods-tellingMe.release.xcconfig"; sourceTree = "<group>"; };
		66ED16CF904CB2601BAF24C5 /* Pods_tellingMe.framework */ = {isa = PBXFileReference; explicitFileType = wrapper.framework; includeInIndex = 0; path = Pods_tellingMe.framework; sourceTree = BUILT_PRODUCTS_DIR; };
		9918CA7CFF0740644B11DD38 /* Pods-tellingMe.debug.xcconfig */ = {isa = PBXFileReference; includeInIndex = 1; lastKnownFileType = text.xcconfig; name = "Pods-tellingMe.debug.xcconfig"; path = "Target Support Files/Pods-tellingMe/Pods-tellingMe.debug.xcconfig"; sourceTree = "<group>"; };
/* End PBXFileReference section */

/* Begin PBXFrameworksBuildPhase section */
		3AA289C429B8506F0030057E /* Frameworks */ = {
			isa = PBXFrameworksBuildPhase;
			buildActionMask = 2147483647;
			files = (
				878B59203EB71108991242CC /* Pods_tellingMe.framework in Frameworks */,
			);
			runOnlyForDeploymentPostprocessing = 0;
		};
/* End PBXFrameworksBuildPhase section */

/* Begin PBXGroup section */
		25A33365266227D7FE6A01AE /* Frameworks */ = {
			isa = PBXGroup;
			children = (
				66ED16CF904CB2601BAF24C5 /* Pods_tellingMe.framework */,
			);
			name = Frameworks;
			sourceTree = "<group>";
		};
		3A157CF729CAFD6D00D61AD3 /* home */ = {
			isa = PBXGroup;
			children = (
				3A157CF829CAFFA300D61AD3 /* Home.storyboard */,
				3A157CFC29CAFFD500D61AD3 /* HomeViewController.swift */,
			);
			path = home;
			sourceTree = "<group>";
		};
		3A2742CE29D5CDDA005E4C5F /* style */ = {
			isa = PBXGroup;
			children = (
				3ACC45F029D1C5AF000843F5 /* PrimaryButton.swift */,
				3AEED26229C99F1500D02F3F /* HeadlineLabel.swift */,
				3AEED26429C99F7D00D02F3F /* BodyLabel.swift */,
				3AEED26629C99F8800D02F3F /* CaptionLabel.swift */,
				3A157CF529CAEE2C00D61AD3 /* LoginButton.swift */,
				3A2742D229D6B37E005E4C5F /* TeritaryBothButton.swift */,
				3AFF8B7D29D47AA5005A7A6B /* TeritaryVerticalBothButton.swift */,
				3A943A7929DC0D8600DAF010 /* TeritaryVerticalBothButtonCell.swift */,
				3A7570C229F16F4900D24116 /* SecondayIconButton.swift */,
				3A713F9A29F2D1900024C2C9 /* ErrorToast.swift */,
			);
			path = style;
			sourceTree = "<group>";
		};
		3A2742CF29D5CDF0005E4C5F /* dropdown */ = {
			isa = PBXGroup;
			children = (
				3AC9D53729D58D8E006A2566 /* DropDownTableViewCell.swift */,
				3A33C45629D96CA1002BBA85 /* DropDownButton.swift */,
			);
			path = dropdown;
			sourceTree = "<group>";
		};
		3A2A502D29B87B9D002FE5E4 /* app */ = {
			isa = PBXGroup;
			children = (
				3A409B4329E1A5E100A05B22 /* singleton */,
				3AA289CA29B8506F0030057E /* AppDelegate.swift */,
				3AA289CC29B8506F0030057E /* SceneDelegate.swift */,
			);
			path = app;
			sourceTree = "<group>";
		};
		3A2A502E29B87C38002FE5E4 /* presentation */ = {
			isa = PBXGroup;
			children = (
				3A943A7B29DC1F0100DAF010 /* structs */,
				3A409B3C29E050CD00A05B22 /* signIn */,
				3A409B3B29E050B100A05B22 /* signUp */,
				3A157CF729CAFD6D00D61AD3 /* home */,
			);
			path = presentation;
			sourceTree = "<group>";
		};
		3A2A502F29B87C46002FE5E4 /* data */ = {
			isa = PBXGroup;
			children = (
				3A5076EC29C82FE800C7A5E9 /* sign */,
			);
			path = data;
			sourceTree = "<group>";
		};
		3A2A503029B8805F002FE5E4 /* util */ = {
			isa = PBXGroup;
			children = (
				3AEED26129C99EDA00D02F3F /* custom */,
				3A775D0629C1DBA900FCD3BC /* designable */,
				3A775D0429C1D96800FCD3BC /* extension */,
			);
			path = util;
			sourceTree = "<group>";
		};
		3A409B3B29E050B100A05B22 /* signUp */ = {
			isa = PBXGroup;
			children = (
				3A50EF0229CCB2DB00A27504 /* page */,
				3A50EEF429CCA63900A27504 /* SignUp.storyboard */,
				3A26202529D05B770061F9D8 /* SignUpViewController.swift */,
				3ACC45E629D17009000843F5 /* SignUpPageViewController.swift */,
				3A7570C029F1589E00D24116 /* AllowNotificationViewController.swift */,
			);
			path = signUp;
			sourceTree = "<group>";
		};
		3A409B3C29E050CD00A05B22 /* signIn */ = {
			isa = PBXGroup;
			children = (
				3AA289CE29B8506F0030057E /* LoginViewController.swift */,
				3AA289E129B854210030057E /* Login.storyboard */,
				3A409B3929E046C400A05B22 /* LoginViewModel.swift */,
				3A338B0329E67C5000786D08 /* LoginRepository.swift */,
			);
			path = signIn;
			sourceTree = "<group>";
		};
		3A409B4329E1A5E100A05B22 /* singleton */ = {
			isa = PBXGroup;
			children = (
				3A409B4429E1A5FD00A05B22 /* SignUpData.swift */,
			);
			path = singleton;
			sourceTree = "<group>";
		};
		3A5076DF29C82D1C00C7A5E9 /* network */ = {
			isa = PBXGroup;
			children = (
				3AC0BA6229EF0F0000888868 /* moya+ */,
			);
			path = network;
			sourceTree = "<group>";
		};
		3A5076EC29C82FE800C7A5E9 /* sign */ = {
			isa = PBXGroup;
			children = (
				3A5076F029C8334700C7A5E9 /* DataSource */,
				3A5076EF29C8333700C7A5E9 /* DTO */,
			);
			path = sign;
			sourceTree = "<group>";
		};
		3A5076EF29C8333700C7A5E9 /* DTO */ = {
			isa = PBXGroup;
			children = (
				3A5076F229C8335900C7A5E9 /* OauthDTO.swift */,
				3A409B4129E148C700A05B22 /* SignUpDTO.swift */,
				3AA1677029E8295C00B93850 /* CheckNicknameDTO.swift */,
			);
			path = DTO;
			sourceTree = "<group>";
		};
		3A5076F029C8334700C7A5E9 /* DataSource */ = {
			isa = PBXGroup;
			children = (
				3A5076F429C8352200C7A5E9 /* SignDataSource.swift */,
			);
			path = DataSource;
			sourceTree = "<group>";
		};
		3A50EF0229CCB2DB00A27504 /* page */ = {
			isa = PBXGroup;
			children = (
				3ACC45F429D1C79A000843F5 /* page+ */,
				3A50EF0029CCB2D600A27504 /* AgreementViewController.swift */,
				3A50EEFA29CCB28A00A27504 /* GetNameViewController.swift */,
				3ACC45E829D198CA000843F5 /* GetPurposeController.swift */,
				3ACC45EA29D198D9000843F5 /* GetJobViewController.swift */,
				3A50EEFE29CCB2C400A27504 /* GetGenderViewController.swift */,
				3A50EEFC29CCB29300A27504 /* GetBirthdayViewController.swift */,
				3ACC45F229D1C785000843F5 /* GetMBTIViewController.swift */,
			);
			path = page;
			sourceTree = "<group>";
		};
		3A775D0429C1D96800FCD3BC /* extension */ = {
			isa = PBXGroup;
			children = (
				3A2A503129B8806E002FE5E4 /* UIView+.swift */,
				3A775D0C29C2EA5400FCD3BC /* Bundle+.swift */,
				3ACC45F529D1EFA4000843F5 /* UIString+.swift */,
				3ACC45F729D2090E000843F5 /* UITextField+.swift */,
				3A2742D029D5F8B9005E4C5F /* Date+.swift */,
				3A409B3F29E05F4700A05B22 /* Array+.swift */,
				3ACCBAB329E94F8A0082C32C /* UIViewController+.swift */,
			);
			path = extension;
			sourceTree = "<group>";
		};
		3A775D0529C1D97300FCD3BC /* font */ = {
			isa = PBXGroup;
			children = (
				3A775CF829C1AE8100FCD3BC /* NanumSquareRoundOTFR.otf */,
				3A775CFB29C1AE8100FCD3BC /* NanumSquareRoundOTFB.otf */,
				3A775CF929C1AE8100FCD3BC /* NanumSquareRoundOTFEB.otf */,
				3A775CFA29C1AE8100FCD3BC /* NanumSquareRoundOTFL.otf */,
			);
			path = font;
			sourceTree = "<group>";
		};
		3A775D0629C1DBA900FCD3BC /* designable */ = {
			isa = PBXGroup;
			children = (
				3A775D0729C1DBBA00FCD3BC /* designable.swift */,
			);
			path = designable;
			sourceTree = "<group>";
		};
		3A775D0929C2E9AE00FCD3BC /* keyChain */ = {
			isa = PBXGroup;
			children = (
				3AA289D829B8506F0030057E /* Info.plist */,
				3A775D0A29C2E9BC00FCD3BC /* KeyList.plist */,
				3A409B3529DEF51200A05B22 /* KeyChain+.swift */,
			);
			path = keyChain;
			sourceTree = "<group>";
		};
		3A943A7B29DC1F0100DAF010 /* structs */ = {
			isa = PBXGroup;
			children = (
				3A76549729D9613F00B1C10E /* Structs.swift */,
			);
			path = structs;
			sourceTree = "<group>";
		};
		3AA1677229E82D1F00B93850 /* document */ = {
			isa = PBXGroup;
			children = (
				3AA1677329E82D8500B93850 /* badWords.txt */,
			);
			path = document;
			sourceTree = "<group>";
		};
		3AA289BE29B8506F0030057E = {
			isa = PBXGroup;
			children = (
				3AA289DF29B851DD0030057E /* .swiftlint.yml */,
				3AA289C929B8506F0030057E /* tellingMe */,
				3AA289C829B8506F0030057E /* Products */,
				55FD0C4BC557B979A1A841D8 /* Pods */,
				25A33365266227D7FE6A01AE /* Frameworks */,
			);
			sourceTree = "<group>";
		};
		3AA289C829B8506F0030057E /* Products */ = {
			isa = PBXGroup;
			children = (
				3AA289C729B8506F0030057E /* tellingMe.app */,
			);
			name = Products;
			sourceTree = "<group>";
		};
		3AA289C929B8506F0030057E /* tellingMe */ = {
			isa = PBXGroup;
			children = (
				3AA1677229E82D1F00B93850 /* document */,
				3A775D0929C2E9AE00FCD3BC /* keyChain */,
				3A775D0529C1D97300FCD3BC /* font */,
				3A2A503029B8805F002FE5E4 /* util */,
				3A5076DF29C82D1C00C7A5E9 /* network */,
				3A2A502F29B87C46002FE5E4 /* data */,
				3A2A502E29B87C38002FE5E4 /* presentation */,
				3A2A502D29B87B9D002FE5E4 /* app */,
				3AA289D329B8506F0030057E /* Assets.xcassets */,
				3AA289D529B8506F0030057E /* LaunchScreen.storyboard */,
				3A775D0329C1C3B500FCD3BC /* tellingMe.entitlements */,
			);
			path = tellingMe;
			sourceTree = "<group>";
		};
		3AC0BA6229EF0F0000888868 /* moya+ */ = {
			isa = PBXGroup;
			children = (
				3A5076EA29C82E2F00C7A5E9 /* Encodable+.swift */,
				3A5076E029C82D4A00C7A5E9 /* NetworkLoggerPlugin.swift */,
				3A5076E629C82DB400C7A5E9 /* ResponseData.swift */,
				3A5076E229C82D7B00C7A5E9 /* Networkable+.swift */,
				3A409B3729E0142500A05B22 /* MoyaProvider+.swift */,
				3A5076E829C82DFE00C7A5E9 /* TargetType+.swift */,
			);
			path = "moya+";
			sourceTree = "<group>";
		};
		3ACC45F429D1C79A000843F5 /* page+ */ = {
			isa = PBXGroup;
			children = (
				3ACC45EC29D19A07000843F5 /* JobTableViewCell.swift */,
				3AA1677429E8309100B93850 /* PageViewModel.swift */,
				3AA1677629E830BA00B93850 /* PageRepository.swift */,
			);
			path = "page+";
			sourceTree = "<group>";
		};
		3AEED26129C99EDA00D02F3F /* custom */ = {
			isa = PBXGroup;
			children = (
				3A2742CF29D5CDF0005E4C5F /* dropdown */,
				3A2742CE29D5CDDA005E4C5F /* style */,
			);
			path = custom;
			sourceTree = "<group>";
		};
		55FD0C4BC557B979A1A841D8 /* Pods */ = {
			isa = PBXGroup;
			children = (
				9918CA7CFF0740644B11DD38 /* Pods-tellingMe.debug.xcconfig */,
				49060B55F5B6FD79F0C1DA8B /* Pods-tellingMe.release.xcconfig */,
			);
			path = Pods;
			sourceTree = "<group>";
		};
/* End PBXGroup section */

/* Begin PBXNativeTarget section */
		3AA289C629B8506F0030057E /* tellingMe */ = {
			isa = PBXNativeTarget;
			buildConfigurationList = 3AA289DB29B8506F0030057E /* Build configuration list for PBXNativeTarget "tellingMe" */;
			buildPhases = (
				EE4217E38A5D27450EC64CE6 /* [CP] Check Pods Manifest.lock */,
				3AA289C329B8506F0030057E /* Sources */,
				3AA289C429B8506F0030057E /* Frameworks */,
				3AA289C529B8506F0030057E /* Resources */,
				3AA289DE29B850D20030057E /* ShellScript */,
				D7E6D7817C731D54BC45EE94 /* [CP] Embed Pods Frameworks */,
			);
			buildRules = (
			);
			dependencies = (
			);
			name = tellingMe;
			productName = tellingMe;
			productReference = 3AA289C729B8506F0030057E /* tellingMe.app */;
			productType = "com.apple.product-type.application";
		};
/* End PBXNativeTarget section */

/* Begin PBXProject section */
		3AA289BF29B8506F0030057E /* Project object */ = {
			isa = PBXProject;
			attributes = {
				BuildIndependentTargetsInParallel = 1;
				LastSwiftUpdateCheck = 1340;
				LastUpgradeCheck = 1340;
				TargetAttributes = {
					3AA289C629B8506F0030057E = {
						CreatedOnToolsVersion = 13.4.1;
					};
				};
			};
			buildConfigurationList = 3AA289C229B8506F0030057E /* Build configuration list for PBXProject "tellingMe" */;
			compatibilityVersion = "Xcode 13.0";
			developmentRegion = en;
			hasScannedForEncodings = 0;
			knownRegions = (
				en,
				Base,
			);
			mainGroup = 3AA289BE29B8506F0030057E;
			productRefGroup = 3AA289C829B8506F0030057E /* Products */;
			projectDirPath = "";
			projectRoot = "";
			targets = (
				3AA289C629B8506F0030057E /* tellingMe */,
			);
		};
/* End PBXProject section */

/* Begin PBXResourcesBuildPhase section */
		3AA289C529B8506F0030057E /* Resources */ = {
			isa = PBXResourcesBuildPhase;
			buildActionMask = 2147483647;
			files = (
				3ACCBAB529E956050082C32C /* badWords.txt in Resources */,
				3A775CFD29C1AE8100FCD3BC /* NanumSquareRoundOTFEB.otf in Resources */,
				3A157CF929CAFFA300D61AD3 /* Home.storyboard in Resources */,
				3AA289E029B851DD0030057E /* .swiftlint.yml in Resources */,
				3A775CFF29C1AE8100FCD3BC /* NanumSquareRoundOTFB.otf in Resources */,
				3A50EEF529CCA63900A27504 /* SignUp.storyboard in Resources */,
				3A775CFC29C1AE8100FCD3BC /* NanumSquareRoundOTFR.otf in Resources */,
				3AA289D729B8506F0030057E /* LaunchScreen.storyboard in Resources */,
				3A775CFE29C1AE8100FCD3BC /* NanumSquareRoundOTFL.otf in Resources */,
				3A775D0B29C2E9BC00FCD3BC /* KeyList.plist in Resources */,
				3AA289D429B8506F0030057E /* Assets.xcassets in Resources */,
				3AA289E229B854210030057E /* Login.storyboard in Resources */,
			);
			runOnlyForDeploymentPostprocessing = 0;
		};
/* End PBXResourcesBuildPhase section */

/* Begin PBXShellScriptBuildPhase section */
		3AA289DE29B850D20030057E /* ShellScript */ = {
			isa = PBXShellScriptBuildPhase;
			buildActionMask = 2147483647;
			files = (
			);
			inputFileListPaths = (
			);
			inputPaths = (
			);
			outputFileListPaths = (
			);
			outputPaths = (
			);
			runOnlyForDeploymentPostprocessing = 0;
			shellPath = /bin/sh;
			shellScript = "# Type a script or drag a script file from your workspace to insert its path.\n\"${PODS_ROOT}/SwiftLint/swiftlint\"\n";
		};
		D7E6D7817C731D54BC45EE94 /* [CP] Embed Pods Frameworks */ = {
			isa = PBXShellScriptBuildPhase;
			buildActionMask = 2147483647;
			files = (
			);
			inputFileListPaths = (
				"${PODS_ROOT}/Target Support Files/Pods-tellingMe/Pods-tellingMe-frameworks-${CONFIGURATION}-input-files.xcfilelist",
			);
			name = "[CP] Embed Pods Frameworks";
			outputFileListPaths = (
				"${PODS_ROOT}/Target Support Files/Pods-tellingMe/Pods-tellingMe-frameworks-${CONFIGURATION}-output-files.xcfilelist",
			);
			runOnlyForDeploymentPostprocessing = 0;
			shellPath = /bin/sh;
			shellScript = "\"${PODS_ROOT}/Target Support Files/Pods-tellingMe/Pods-tellingMe-frameworks.sh\"\n";
			showEnvVarsInLog = 0;
		};
		EE4217E38A5D27450EC64CE6 /* [CP] Check Pods Manifest.lock */ = {
			isa = PBXShellScriptBuildPhase;
			buildActionMask = 2147483647;
			files = (
			);
			inputFileListPaths = (
			);
			inputPaths = (
				"${PODS_PODFILE_DIR_PATH}/Podfile.lock",
				"${PODS_ROOT}/Manifest.lock",
			);
			name = "[CP] Check Pods Manifest.lock";
			outputFileListPaths = (
			);
			outputPaths = (
				"$(DERIVED_FILE_DIR)/Pods-tellingMe-checkManifestLockResult.txt",
			);
			runOnlyForDeploymentPostprocessing = 0;
			shellPath = /bin/sh;
			shellScript = "diff \"${PODS_PODFILE_DIR_PATH}/Podfile.lock\" \"${PODS_ROOT}/Manifest.lock\" > /dev/null\nif [ $? != 0 ] ; then\n    # print error to STDERR\n    echo \"error: The sandbox is not in sync with the Podfile.lock. Run 'pod install' or update your CocoaPods installation.\" >&2\n    exit 1\nfi\n# This output is used by Xcode 'outputs' to avoid re-running this script phase.\necho \"SUCCESS\" > \"${SCRIPT_OUTPUT_FILE_0}\"\n";
			showEnvVarsInLog = 0;
		};
/* End PBXShellScriptBuildPhase section */

/* Begin PBXSourcesBuildPhase section */
		3AA289C329B8506F0030057E /* Sources */ = {
			isa = PBXSourcesBuildPhase;
			buildActionMask = 2147483647;
			files = (
				3AEED26729C99F8800D02F3F /* CaptionLabel.swift in Sources */,
				3A409B4029E05F4700A05B22 /* Array+.swift in Sources */,
				3A409B3629DEF51200A05B22 /* KeyChain+.swift in Sources */,
				3A943A7A29DC0D8600DAF010 /* TeritaryVerticalBothButtonCell.swift in Sources */,
				3A409B4529E1A5FD00A05B22 /* SignUpData.swift in Sources */,
				3A157CF629CAEE2C00D61AD3 /* LoginButton.swift in Sources */,
				3AA1677129E8295C00B93850 /* CheckNicknameDTO.swift in Sources */,
				3AA1677529E8309100B93850 /* PageViewModel.swift in Sources */,
				3A33C45729D96CA1002BBA85 /* DropDownButton.swift in Sources */,
				3A50EF0129CCB2D600A27504 /* AgreementViewController.swift in Sources */,
				3ACC45F329D1C785000843F5 /* GetMBTIViewController.swift in Sources */,
				3AC9D53829D58D8E006A2566 /* DropDownTableViewCell.swift in Sources */,
				3A409B4229E148C700A05B22 /* SignUpDTO.swift in Sources */,
				3A713F9B29F2D1900024C2C9 /* ErrorToast.swift in Sources */,
				3ACC45ED29D19A07000843F5 /* JobTableViewCell.swift in Sources */,
				3A157CFD29CAFFD500D61AD3 /* HomeViewController.swift in Sources */,
				3A409B3829E0142500A05B22 /* MoyaProvider+.swift in Sources */,
				3A5076F329C8335900C7A5E9 /* OauthDTO.swift in Sources */,
				3A50EEFF29CCB2C400A27504 /* GetGenderViewController.swift in Sources */,
				3AA1677729E830BA00B93850 /* PageRepository.swift in Sources */,
				3A338B0429E67C5000786D08 /* LoginRepository.swift in Sources */,
				3A76549829D9613F00B1C10E /* Structs.swift in Sources */,
				3ACC45F629D1EFA4000843F5 /* UIString+.swift in Sources */,
				3A50EEFB29CCB28A00A27504 /* GetNameViewController.swift in Sources */,
				3A2A503229B8806E002FE5E4 /* UIView+.swift in Sources */,
				3A775D0829C1DBBA00FCD3BC /* designable.swift in Sources */,
				3ACC45E729D17009000843F5 /* SignUpPageViewController.swift in Sources */,
				3A5076E729C82DB400C7A5E9 /* ResponseData.swift in Sources */,
				3A409B3A29E046C400A05B22 /* LoginViewModel.swift in Sources */,
				3A5076EB29C82E2F00C7A5E9 /* Encodable+.swift in Sources */,
				3ACC45E929D198CA000843F5 /* GetPurposeController.swift in Sources */,
				3A5076F529C8352200C7A5E9 /* SignDataSource.swift in Sources */,
				3A7570C329F16F4900D24116 /* SecondayIconButton.swift in Sources */,
				3A5076E929C82DFE00C7A5E9 /* TargetType+.swift in Sources */,
				3AEED26529C99F7D00D02F3F /* BodyLabel.swift in Sources */,
				3A5076E329C82D7B00C7A5E9 /* Networkable+.swift in Sources */,
				3ACC45EB29D198D9000843F5 /* GetJobViewController.swift in Sources */,
				3AA289CF29B8506F0030057E /* LoginViewController.swift in Sources */,
				3A775D0D29C2EA5400FCD3BC /* Bundle+.swift in Sources */,
				3A2742D329D6B37E005E4C5F /* TeritaryBothButton.swift in Sources */,
				3AFF8B7E29D47AA5005A7A6B /* TeritaryVerticalBothButton.swift in Sources */,
				3A26202629D05B770061F9D8 /* SignUpViewController.swift in Sources */,
				3ACC45F129D1C5AF000843F5 /* PrimaryButton.swift in Sources */,
				3ACCBAB429E94F8A0082C32C /* UIViewController+.swift in Sources */,
				3A2742D129D5F8B9005E4C5F /* Date+.swift in Sources */,
				3AEED26329C99F1500D02F3F /* HeadlineLabel.swift in Sources */,
				3AA289CB29B8506F0030057E /* AppDelegate.swift in Sources */,
				3AA289CD29B8506F0030057E /* SceneDelegate.swift in Sources */,
				3A50EEFD29CCB29300A27504 /* GetBirthdayViewController.swift in Sources */,
				3A7570C129F1589E00D24116 /* AllowNotificationViewController.swift in Sources */,
				3A5076E129C82D4A00C7A5E9 /* NetworkLoggerPlugin.swift in Sources */,
				3ACC45F829D2090E000843F5 /* UITextField+.swift in Sources */,
			);
			runOnlyForDeploymentPostprocessing = 0;
		};
/* End PBXSourcesBuildPhase section */

/* Begin PBXVariantGroup section */
		3AA289D529B8506F0030057E /* LaunchScreen.storyboard */ = {
			isa = PBXVariantGroup;
			children = (
				3AA289D629B8506F0030057E /* Base */,
			);
			name = LaunchScreen.storyboard;
			sourceTree = "<group>";
		};
/* End PBXVariantGroup section */

/* Begin XCBuildConfiguration section */
		3AA289D929B8506F0030057E /* Debug */ = {
			isa = XCBuildConfiguration;
			buildSettings = {
				ALWAYS_SEARCH_USER_PATHS = NO;
				CLANG_ANALYZER_NONNULL = YES;
				CLANG_ANALYZER_NUMBER_OBJECT_CONVERSION = YES_AGGRESSIVE;
				CLANG_CXX_LANGUAGE_STANDARD = "gnu++17";
				CLANG_ENABLE_MODULES = YES;
				CLANG_ENABLE_OBJC_ARC = YES;
				CLANG_ENABLE_OBJC_WEAK = YES;
				CLANG_WARN_BLOCK_CAPTURE_AUTORELEASING = YES;
				CLANG_WARN_BOOL_CONVERSION = YES;
				CLANG_WARN_COMMA = YES;
				CLANG_WARN_CONSTANT_CONVERSION = YES;
				CLANG_WARN_DEPRECATED_OBJC_IMPLEMENTATIONS = YES;
				CLANG_WARN_DIRECT_OBJC_ISA_USAGE = YES_ERROR;
				CLANG_WARN_DOCUMENTATION_COMMENTS = YES;
				CLANG_WARN_EMPTY_BODY = YES;
				CLANG_WARN_ENUM_CONVERSION = YES;
				CLANG_WARN_INFINITE_RECURSION = YES;
				CLANG_WARN_INT_CONVERSION = YES;
				CLANG_WARN_NON_LITERAL_NULL_CONVERSION = YES;
				CLANG_WARN_OBJC_IMPLICIT_RETAIN_SELF = YES;
				CLANG_WARN_OBJC_LITERAL_CONVERSION = YES;
				CLANG_WARN_OBJC_ROOT_CLASS = YES_ERROR;
				CLANG_WARN_QUOTED_INCLUDE_IN_FRAMEWORK_HEADER = YES;
				CLANG_WARN_RANGE_LOOP_ANALYSIS = YES;
				CLANG_WARN_STRICT_PROTOTYPES = YES;
				CLANG_WARN_SUSPICIOUS_MOVE = YES;
				CLANG_WARN_UNGUARDED_AVAILABILITY = YES_AGGRESSIVE;
				CLANG_WARN_UNREACHABLE_CODE = YES;
				CLANG_WARN__DUPLICATE_METHOD_MATCH = YES;
				COPY_PHASE_STRIP = NO;
				DEBUG_INFORMATION_FORMAT = dwarf;
				ENABLE_STRICT_OBJC_MSGSEND = YES;
				ENABLE_TESTABILITY = YES;
				GCC_C_LANGUAGE_STANDARD = gnu11;
				GCC_DYNAMIC_NO_PIC = NO;
				GCC_NO_COMMON_BLOCKS = YES;
				GCC_OPTIMIZATION_LEVEL = 0;
				GCC_PREPROCESSOR_DEFINITIONS = (
					"DEBUG=1",
					"$(inherited)",
				);
				GCC_WARN_64_TO_32_BIT_CONVERSION = YES;
				GCC_WARN_ABOUT_RETURN_TYPE = YES_ERROR;
				GCC_WARN_UNDECLARED_SELECTOR = YES;
				GCC_WARN_UNINITIALIZED_AUTOS = YES_AGGRESSIVE;
				GCC_WARN_UNUSED_FUNCTION = YES;
				GCC_WARN_UNUSED_VARIABLE = YES;
				IPHONEOS_DEPLOYMENT_TARGET = 13.0;
				MTL_ENABLE_DEBUG_INFO = INCLUDE_SOURCE;
				MTL_FAST_MATH = YES;
				ONLY_ACTIVE_ARCH = YES;
				SDKROOT = iphoneos;
				SWIFT_ACTIVE_COMPILATION_CONDITIONS = DEBUG;
				SWIFT_OPTIMIZATION_LEVEL = "-Onone";
			};
			name = Debug;
		};
		3AA289DA29B8506F0030057E /* Release */ = {
			isa = XCBuildConfiguration;
			buildSettings = {
				ALWAYS_SEARCH_USER_PATHS = NO;
				CLANG_ANALYZER_NONNULL = YES;
				CLANG_ANALYZER_NUMBER_OBJECT_CONVERSION = YES_AGGRESSIVE;
				CLANG_CXX_LANGUAGE_STANDARD = "gnu++17";
				CLANG_ENABLE_MODULES = YES;
				CLANG_ENABLE_OBJC_ARC = YES;
				CLANG_ENABLE_OBJC_WEAK = YES;
				CLANG_WARN_BLOCK_CAPTURE_AUTORELEASING = YES;
				CLANG_WARN_BOOL_CONVERSION = YES;
				CLANG_WARN_COMMA = YES;
				CLANG_WARN_CONSTANT_CONVERSION = YES;
				CLANG_WARN_DEPRECATED_OBJC_IMPLEMENTATIONS = YES;
				CLANG_WARN_DIRECT_OBJC_ISA_USAGE = YES_ERROR;
				CLANG_WARN_DOCUMENTATION_COMMENTS = YES;
				CLANG_WARN_EMPTY_BODY = YES;
				CLANG_WARN_ENUM_CONVERSION = YES;
				CLANG_WARN_INFINITE_RECURSION = YES;
				CLANG_WARN_INT_CONVERSION = YES;
				CLANG_WARN_NON_LITERAL_NULL_CONVERSION = YES;
				CLANG_WARN_OBJC_IMPLICIT_RETAIN_SELF = YES;
				CLANG_WARN_OBJC_LITERAL_CONVERSION = YES;
				CLANG_WARN_OBJC_ROOT_CLASS = YES_ERROR;
				CLANG_WARN_QUOTED_INCLUDE_IN_FRAMEWORK_HEADER = YES;
				CLANG_WARN_RANGE_LOOP_ANALYSIS = YES;
				CLANG_WARN_STRICT_PROTOTYPES = YES;
				CLANG_WARN_SUSPICIOUS_MOVE = YES;
				CLANG_WARN_UNGUARDED_AVAILABILITY = YES_AGGRESSIVE;
				CLANG_WARN_UNREACHABLE_CODE = YES;
				CLANG_WARN__DUPLICATE_METHOD_MATCH = YES;
				COPY_PHASE_STRIP = NO;
				DEBUG_INFORMATION_FORMAT = "dwarf-with-dsym";
				ENABLE_NS_ASSERTIONS = NO;
				ENABLE_STRICT_OBJC_MSGSEND = YES;
				GCC_C_LANGUAGE_STANDARD = gnu11;
				GCC_NO_COMMON_BLOCKS = YES;
				GCC_WARN_64_TO_32_BIT_CONVERSION = YES;
				GCC_WARN_ABOUT_RETURN_TYPE = YES_ERROR;
				GCC_WARN_UNDECLARED_SELECTOR = YES;
				GCC_WARN_UNINITIALIZED_AUTOS = YES_AGGRESSIVE;
				GCC_WARN_UNUSED_FUNCTION = YES;
				GCC_WARN_UNUSED_VARIABLE = YES;
				IPHONEOS_DEPLOYMENT_TARGET = 13.0;
				MTL_ENABLE_DEBUG_INFO = NO;
				MTL_FAST_MATH = YES;
				SDKROOT = iphoneos;
				SWIFT_COMPILATION_MODE = wholemodule;
				SWIFT_OPTIMIZATION_LEVEL = "-O";
				VALIDATE_PRODUCT = YES;
			};
			name = Release;
		};
		3AA289DC29B8506F0030057E /* Debug */ = {
			isa = XCBuildConfiguration;
			baseConfigurationReference = 9918CA7CFF0740644B11DD38 /* Pods-tellingMe.debug.xcconfig */;
			buildSettings = {
				ASSETCATALOG_COMPILER_APPICON_NAME = AppIcon;
				ASSETCATALOG_COMPILER_GLOBAL_ACCENT_COLOR_NAME = AccentColor;
				CODE_SIGN_ENTITLEMENTS = tellingMe/tellingMe.entitlements;
				CODE_SIGN_STYLE = Automatic;
				CURRENT_PROJECT_VERSION = 1;
				DEVELOPMENT_TEAM = HVC3NZCRB5;
				GENERATE_INFOPLIST_FILE = YES;
				INFOPLIST_FILE = tellingMe/KeyChain/Info.plist;
				INFOPLIST_KEY_UIApplicationSupportsIndirectInputEvents = YES;
				INFOPLIST_KEY_UILaunchStoryboardName = LaunchScreen;
				INFOPLIST_KEY_UIMainStoryboardFile = SignUp;
				INFOPLIST_KEY_UISupportedInterfaceOrientations = UIInterfaceOrientationPortrait;
				INFOPLIST_KEY_UISupportedInterfaceOrientations_iPad = "UIInterfaceOrientationPortrait UIInterfaceOrientationPortraitUpsideDown UIInterfaceOrientationLandscapeLeft UIInterfaceOrientationLandscapeRight";
				INFOPLIST_KEY_UISupportedInterfaceOrientations_iPhone = "UIInterfaceOrientationPortrait UIInterfaceOrientationLandscapeLeft UIInterfaceOrientationLandscapeRight";
				LD_RUNPATH_SEARCH_PATHS = (
					"$(inherited)",
					"@executable_path/Frameworks",
				);
				MARKETING_VERSION = 1.0;
				PRODUCT_BUNDLE_IDENTIFIER = com.Link.tellingMe;
				PRODUCT_NAME = "$(TARGET_NAME)";
				SWIFT_EMIT_LOC_STRINGS = YES;
				SWIFT_VERSION = 5.0;
				TARGETED_DEVICE_FAMILY = 1;
			};
			name = Debug;
		};
		3AA289DD29B8506F0030057E /* Release */ = {
			isa = XCBuildConfiguration;
			baseConfigurationReference = 49060B55F5B6FD79F0C1DA8B /* Pods-tellingMe.release.xcconfig */;
			buildSettings = {
				ASSETCATALOG_COMPILER_APPICON_NAME = AppIcon;
				ASSETCATALOG_COMPILER_GLOBAL_ACCENT_COLOR_NAME = AccentColor;
				CODE_SIGN_ENTITLEMENTS = tellingMe/tellingMe.entitlements;
				CODE_SIGN_STYLE = Automatic;
				CURRENT_PROJECT_VERSION = 1;
				DEVELOPMENT_TEAM = HVC3NZCRB5;
				GENERATE_INFOPLIST_FILE = YES;
				INFOPLIST_FILE = tellingMe/KeyChain/Info.plist;
				INFOPLIST_KEY_UIApplicationSupportsIndirectInputEvents = YES;
				INFOPLIST_KEY_UILaunchStoryboardName = LaunchScreen;
				INFOPLIST_KEY_UIMainStoryboardFile = SignUp;
				INFOPLIST_KEY_UISupportedInterfaceOrientations = UIInterfaceOrientationPortrait;
				INFOPLIST_KEY_UISupportedInterfaceOrientations_iPad = "UIInterfaceOrientationPortrait UIInterfaceOrientationPortraitUpsideDown UIInterfaceOrientationLandscapeLeft UIInterfaceOrientationLandscapeRight";
				INFOPLIST_KEY_UISupportedInterfaceOrientations_iPhone = "UIInterfaceOrientationPortrait UIInterfaceOrientationLandscapeLeft UIInterfaceOrientationLandscapeRight";
				LD_RUNPATH_SEARCH_PATHS = (
					"$(inherited)",
					"@executable_path/Frameworks",
				);
				MARKETING_VERSION = 1.0;
				PRODUCT_BUNDLE_IDENTIFIER = com.Link.tellingMe;
				PRODUCT_NAME = "$(TARGET_NAME)";
				SWIFT_EMIT_LOC_STRINGS = YES;
				SWIFT_VERSION = 5.0;
				TARGETED_DEVICE_FAMILY = 1;
			};
			name = Release;
		};
/* End XCBuildConfiguration section */

/* Begin XCConfigurationList section */
		3AA289C229B8506F0030057E /* Build configuration list for PBXProject "tellingMe" */ = {
			isa = XCConfigurationList;
			buildConfigurations = (
				3AA289D929B8506F0030057E /* Debug */,
				3AA289DA29B8506F0030057E /* Release */,
			);
			defaultConfigurationIsVisible = 0;
			defaultConfigurationName = Release;
		};
		3AA289DB29B8506F0030057E /* Build configuration list for PBXNativeTarget "tellingMe" */ = {
			isa = XCConfigurationList;
			buildConfigurations = (
				3AA289DC29B8506F0030057E /* Debug */,
				3AA289DD29B8506F0030057E /* Release */,
			);
			defaultConfigurationIsVisible = 0;
			defaultConfigurationName = Release;
		};
/* End XCConfigurationList section */
	};
	rootObject = 3AA289BF29B8506F0030057E /* Project object */;
}
