PODS:
  - Alamofire (5.6.4)
  - GradientProgress (1.0)
  - KakaoSDKAuth (2.14.0):
    - KakaoSDKCommon (= 2.14.0)
  - KakaoSDKCommon (2.14.0):
    - KakaoSDKCommon/Common (= 2.14.0)
    - KakaoSDKCommon/Network (= 2.14.0)
  - KakaoSDKCommon/Common (2.14.0)
  - KakaoSDKCommon/Network (2.14.0):
    - Alamofire (~> 5.1)
    - KakaoSDKCommon/Common (= 2.14.0)
  - KakaoSDKUser (2.14.0):
    - KakaoSDKAuth (= 2.14.0)
  - KeychainSwift (20.0.0)
  - Moya (15.0.0):
    - Moya/Core (= 15.0.0)
  - Moya/Core (15.0.0):
    - Alamofire (~> 5.0)
  - SwiftLint (0.51.0)

DEPENDENCIES:
  - GradientProgress
  - KakaoSDKAuth
  - KakaoSDKCommon
  - KakaoSDKUser
  - KeychainSwift
  - Moya
  - SwiftLint

SPEC REPOS:
  trunk:
    - Alamofire
    - GradientProgress
    - KakaoSDKAuth
    - KakaoSDKCommon
    - KakaoSDKUser
    - KeychainSwift
    - Moya
    - SwiftLint

SPEC CHECKSUMS:
  Alamofire: 4e95d97098eacb88856099c4fc79b526a299e48c
  GradientProgress: ee9c47443c80059b0367467d267b2dd9572de5e2
  KakaoSDKAuth: 8fca87815de22062a23297983f327613b087b8bb
  KakaoSDKCommon: 0ce638f7a2e49704943c0b74a087a9f8067bba1c
  KakaoSDKUser: 2ca18314ce72e6690f76cb1f6f9fbc771d31a803
  KeychainSwift: 0ce6a4d13f7228054d1a71bb1b500448fb2ab837
  Moya: 138f0573e53411fb3dc17016add0b748dfbd78ee
  SwiftLint: 1b7561918a19e23bfed960e40759086e70f4dba5

PODFILE CHECKSUM: b73dfd5ac03fb793890b203d732c49b1a444a5f6

COCOAPODS: 1.11.3
